
Microsoft Visual Studio Solution File, Format Version 12.00
# Visual Studio 14
VisualStudioVersion = 14.0.25420.1
MinimumVisualStudioVersion = 10.0.40219.1
Project("{8BC9CEB8-8B4A-11D0-8D11-00A0C91BC942}") = "string", "string\string.vcxproj", "{8DC83838-A859-4DF4-B457-EB4085F272C2}"
EndProject
Project("{8BC9CEB8-8B4A-11D0-8D11-00A0C91BC942}") = "reverseString", "reverseString\reverseString.vcxproj", "{D85DAABB-B8B2-4BAB-ADF4-F789A7AE68CC}"
EndProject
Project("{8BC9CEB8-8B4A-11D0-8D11-00A0C91BC942}") = "substringPermutation", "substringPermutation\substringPermutation.vcxproj", "{6BFC9D96-106F-4052-AB84-3E0266627D15}"
EndProject
Project("{8BC9CEB8-8B4A-11D0-8D11-00A0C91BC942}") = "generateParentheses", "generateParentheses\generateParentheses.vcxproj", "{D1063A90-0702-4ED6-845F-C5EBE6414D39}"
EndProject
Global
	GlobalSection(SolutionConfigurationPlatforms) = preSolution
		Debug|x64 = Debug|x64
		Debug|x86 = Debug|x86
		Release|x64 = Release|x64
		Release|x86 = Release|x86
	EndGlobalSection
	GlobalSection(ProjectConfigurationPlatforms) = postSolution
		{8DC83838-A859-4DF4-B457-EB4085F272C2}.Debug|x64.ActiveCfg = Debug|x64
		{8DC83838-A859-4DF4-B457-EB4085F272C2}.Debug|x64.Build.0 = Debug|x64
		{8DC83838-A859-4DF4-B457-EB4085F272C2}.Debug|x86.ActiveCfg = Debug|Win32
		{8DC83838-A859-4DF4-B457-EB4085F272C2}.Debug|x86.Build.0 = Debug|Win32
		{8DC83838-A859-4DF4-B457-EB4085F272C2}.Release|x64.ActiveCfg = Release|x64
		{8DC83838-A859-4DF4-B457-EB4085F272C2}.Release|x64.Build.0 = Release|x64
		{8DC83838-A859-4DF4-B457-EB4085F272C2}.Release|x86.ActiveCfg = Release|Win32
		{8DC83838-A859-4DF4-B457-EB4085F272C2}.Release|x86.Build.0 = Release|Win32
		{D85DAABB-B8B2-4BAB-ADF4-F789A7AE68CC}.Debug|x64.ActiveCfg = Debug|x64
		{D85DAABB-B8B2-4BAB-ADF4-F789A7AE68CC}.Debug|x64.Build.0 = Debug|x64
		{D85DAABB-B8B2-4BAB-ADF4-F789A7AE68CC}.Debug|x86.ActiveCfg = Debug|Win32
		{D85DAABB-B8B2-4BAB-ADF4-F789A7AE68CC}.Debug|x86.Build.0 = Debug|Win32
		{D85DAABB-B8B2-4BAB-ADF4-F789A7AE68CC}.Release|x64.ActiveCfg = Release|x64
		{D85DAABB-B8B2-4BAB-ADF4-F789A7AE68CC}.Release|x64.Build.0 = Release|x64
		{D85DAABB-B8B2-4BAB-ADF4-F789A7AE68CC}.Release|x86.ActiveCfg = Release|Win32
		{D85DAABB-B8B2-4BAB-ADF4-F789A7AE68CC}.Release|x86.Build.0 = Release|Win32
		{6BFC9D96-106F-4052-AB84-3E0266627D15}.Debug|x64.ActiveCfg = Debug|x64
		{6BFC9D96-106F-4052-AB84-3E0266627D15}.Debug|x64.Build.0 = Debug|x64
		{6BFC9D96-106F-4052-AB84-3E0266627D15}.Debug|x86.ActiveCfg = Debug|Win32
		{6BFC9D96-106F-4052-AB84-3E0266627D15}.Debug|x86.Build.0 = Debug|Win32
		{6BFC9D96-106F-4052-AB84-3E0266627D15}.Release|x64.ActiveCfg = Release|x64
		{6BFC9D96-106F-4052-AB84-3E0266627D15}.Release|x64.Build.0 = Release|x64
		{6BFC9D96-106F-4052-AB84-3E0266627D15}.Release|x86.ActiveCfg = Release|Win32
		{6BFC9D96-106F-4052-AB84-3E0266627D15}.Release|x86.Build.0 = Release|Win32
		{D1063A90-0702-4ED6-845F-C5EBE6414D39}.Debug|x64.ActiveCfg = Debug|x64
		{D1063A90-0702-4ED6-845F-C5EBE6414D39}.Debug|x64.Build.0 = Debug|x64
		{D1063A90-0702-4ED6-845F-C5EBE6414D39}.Debug|x86.ActiveCfg = Debug|Win32
		{D1063A90-0702-4ED6-845F-C5EBE6414D39}.Debug|x86.Build.0 = Debug|Win32
		{D1063A90-0702-4ED6-845F-C5EBE6414D39}.Release|x64.ActiveCfg = Release|x64
		{D1063A90-0702-4ED6-845F-C5EBE6414D39}.Release|x64.Build.0 = Release|x64
		{D1063A90-0702-4ED6-845F-C5EBE6414D39}.Release|x86.ActiveCfg = Release|Win32
		{D1063A90-0702-4ED6-845F-C5EBE6414D39}.Release|x86.Build.0 = Release|Win32
	EndGlobalSection
	GlobalSection(SolutionProperties) = preSolution
		HideSolutionNode = FALSE
	EndGlobalSection
EndGlobal
